
Microsoft Visual Studio Solution File, Format Version 12.00
# Visual Studio Version 16
VisualStudioVersion = 16.0.30128.74
MinimumVisualStudioVersion = 10.0.40219.1
Project("{FAE04EC0-301F-11D3-BF4B-00C04F79EFBC}") = "Covid Counter", "Covid Counter\Covid Counter.csproj", "{8143A794-8745-4D3F-B31F-694A78B3D5E6}"
EndProject
Global
	GlobalSection(SolutionConfigurationPlatforms) = preSolution
		Debug|Any CPU = Debug|Any CPU
		Release|Any CPU = Release|Any CPU
	EndGlobalSection
	GlobalSection(ProjectConfigurationPlatforms) = postSolution
		{8143A794-8745-4D3F-B31F-694A78B3D5E6}.Debug|Any CPU.ActiveCfg = Debug|Any CPU
		{8143A794-8745-4D3F-B31F-694A78B3D5E6}.Debug|Any CPU.Build.0 = Debug|Any CPU
		{8143A794-8745-4D3F-B31F-694A78B3D5E6}.Release|Any CPU.ActiveCfg = Release|Any CPU
		{8143A794-8745-4D3F-B31F-694A78B3D5E6}.Release|Any CPU.Build.0 = Release|Any CPU
	EndGlobalSection
	GlobalSection(SolutionProperties) = preSolution
		HideSolutionNode = FALSE
	EndGlobalSection
	GlobalSection(ExtensibilityGlobals) = postSolution
		SolutionGuid = {769EDDB2-7C79-43BC-9BFC-2D3E0246E608}
	EndGlobalSection
EndGlobal
